
Microsoft Visual Studio Solution File, Format Version 12.00
# Visual Studio Version 16
VisualStudioVersion = 16.0.32002.261
MinimumVisualStudioVersion = 10.0.40219.1
Project("{FAE04EC0-301F-11D3-BF4B-00C04F79EFBC}") = "FrontProjectToBack", "FrontProjectToBack\FrontProjectToBack.csproj", "{58DA64F0-3330-4384-97A9-FE5BCF6F2110}"
EndProject
Global
	GlobalSection(SolutionConfigurationPlatforms) = preSolution
		Debug|Any CPU = Debug|Any CPU
		Release|Any CPU = Release|Any CPU
	EndGlobalSection
	GlobalSection(ProjectConfigurationPlatforms) = postSolution
		{58DA64F0-3330-4384-97A9-FE5BCF6F2110}.Debug|Any CPU.ActiveCfg = Debug|Any CPU
		{58DA64F0-3330-4384-97A9-FE5BCF6F2110}.Debug|Any CPU.Build.0 = Debug|Any CPU
		{58DA64F0-3330-4384-97A9-FE5BCF6F2110}.Release|Any CPU.ActiveCfg = Release|Any CPU
		{58DA64F0-3330-4384-97A9-FE5BCF6F2110}.Release|Any CPU.Build.0 = Release|Any CPU
	EndGlobalSection
	GlobalSection(SolutionProperties) = preSolution
		HideSolutionNode = FALSE
	EndGlobalSection
	GlobalSection(ExtensibilityGlobals) = postSolution
		SolutionGuid = {C5DBF771-64CF-4EFD-96D6-1623F073244E}
	EndGlobalSection
EndGlobal
